// !$*UTF8*$!
{
	archiveVersion = 1;
	classes = {
	};
	objectVersion = 77;
	objects = {

/* Begin PBXContainerItemProxy section */
		2C5246E92CFF0308009E5DCB /* PBXContainerItemProxy */ = {
			isa = PBXContainerItemProxy;
			containerPortal = 2C5246C92CFF0307009E5DCB /* Project object */;
			proxyType = 1;
			remoteGlobalIDString = 2C5246D02CFF0307009E5DCB;
			remoteInfo = FreelancerPaymentTracker;
		};
		2C5246F32CFF0308009E5DCB /* PBXContainerItemProxy */ = {
			isa = PBXContainerItemProxy;
			containerPortal = 2C5246C92CFF0307009E5DCB /* Project object */;
			proxyType = 1;
			remoteGlobalIDString = 2C5246D02CFF0307009E5DCB;
			remoteInfo = FreelancerPaymentTracker;
		};
/* End PBXContainerItemProxy section */

/* Begin PBXFileReference section */
		2C5246D12CFF0307009E5DCB /* FreelancerPaymentTracker.app */ = {isa = PBXFileReference; explicitFileType = wrapper.application; includeInIndex = 0; path = FreelancerPaymentTracker.app; sourceTree = BUILT_PRODUCTS_DIR; };
		2C5246E82CFF0308009E5DCB /* FreelancerPaymentTrackerTests.xctest */ = {isa = PBXFileReference; explicitFileType = wrapper.cfbundle; includeInIndex = 0; path = FreelancerPaymentTrackerTests.xctest; sourceTree = BUILT_PRODUCTS_DIR; };
		2C5246F22CFF0308009E5DCB /* FreelancerPaymentTrackerUITests.xctest */ = {isa = PBXFileReference; explicitFileType = wrapper.cfbundle; includeInIndex = 0; path = FreelancerPaymentTrackerUITests.xctest; sourceTree = BUILT_PRODUCTS_DIR; };
/* End PBXFileReference section */

/* Begin PBXFileSystemSynchronizedRootGroup section */
		2C5246D32CFF0307009E5DCB /* FreelancerPaymentTracker */ = {
			isa = PBXFileSystemSynchronizedRootGroup;
			path = FreelancerPaymentTracker;
			sourceTree = "<group>";
		};
		2C5246EB2CFF0308009E5DCB /* FreelancerPaymentTrackerTests */ = {
			isa = PBXFileSystemSynchronizedRootGroup;
			path = FreelancerPaymentTrackerTests;
			sourceTree = "<group>";
		};
		2C5246F52CFF0308009E5DCB /* FreelancerPaymentTrackerUITests */ = {
			isa = PBXFileSystemSynchronizedRootGroup;
			path = FreelancerPaymentTrackerUITests;
			sourceTree = "<group>";
		};
/* End PBXFileSystemSynchronizedRootGroup section */

/* Begin PBXFrameworksBuildPhase section */
		2C5246CE2CFF0307009E5DCB /* Frameworks */ = {
			isa = PBXFrameworksBuildPhase;
			buildActionMask = 2147483647;
			files = (
			);
			runOnlyForDeploymentPostprocessing = 0;
		};
		2C5246E52CFF0308009E5DCB /* Frameworks */ = {
			isa = PBXFrameworksBuildPhase;
			buildActionMask = 2147483647;
			files = (
			);
			runOnlyForDeploymentPostprocessing = 0;
		};
		2C5246EF2CFF0308009E5DCB /* Frameworks */ = {
			isa = PBXFrameworksBuildPhase;
			buildActionMask = 2147483647;
			files = (
			);
			runOnlyForDeploymentPostprocessing = 0;
		};
/* End PBXFrameworksBuildPhase section */

/* Begin PBXGroup section */
		2C5246C82CFF0307009E5DCB = {
			isa = PBXGroup;
			children = (
				2C5246D32CFF0307009E5DCB /* FreelancerPaymentTracker */,
				2C5246EB2CFF0308009E5DCB /* FreelancerPaymentTrackerTests */,
				2C5246F52CFF0308009E5DCB /* FreelancerPaymentTrackerUITests */,
				2C5246D22CFF0307009E5DCB /* Products */,
			);
			sourceTree = "<group>";
		};
		2C5246D22CFF0307009E5DCB /* Products */ = {
			isa = PBXGroup;
			children = (
				2C5246D12CFF0307009E5DCB /* FreelancerPaymentTracker.app */,
				2C5246E82CFF0308009E5DCB /* FreelancerPaymentTrackerTests.xctest */,
				2C5246F22CFF0308009E5DCB /* FreelancerPaymentTrackerUITests.xctest */,
			);
			name = Products;
			sourceTree = "<group>";
		};
/* End PBXGroup section */

/* Begin PBXNativeTarget section */
		2C5246D02CFF0307009E5DCB /* FreelancerPaymentTracker */ = {
			isa = PBXNativeTarget;
			buildConfigurationList = 2C5246FB2CFF0308009E5DCB /* Build configuration list for PBXNativeTarget "FreelancerPaymentTracker" */;
			buildPhases = (
				2C5246CD2CFF0307009E5DCB /* Sources */,
				2C5246CE2CFF0307009E5DCB /* Frameworks */,
				2C5246CF2CFF0307009E5DCB /* Resources */,
			);
			buildRules = (
			);
			dependencies = (
			);
			fileSystemSynchronizedGroups = (
				2C5246D32CFF0307009E5DCB /* FreelancerPaymentTracker */,
			);
			name = FreelancerPaymentTracker;
			packageProductDependencies = (
			);
			productName = FreelancerPaymentTracker;
			productReference = 2C5246D12CFF0307009E5DCB /* FreelancerPaymentTracker.app */;
			productType = "com.apple.product-type.application";
		};
		2C5246E72CFF0308009E5DCB /* FreelancerPaymentTrackerTests */ = {
			isa = PBXNativeTarget;
			buildConfigurationList = 2C5247002CFF0308009E5DCB /* Build configuration list for PBXNativeTarget "FreelancerPaymentTrackerTests" */;
			buildPhases = (
				2C5246E42CFF0308009E5DCB /* Sources */,
				2C5246E52CFF0308009E5DCB /* Frameworks */,
				2C5246E62CFF0308009E5DCB /* Resources */,
			);
			buildRules = (
			);
			dependencies = (
				2C5246EA2CFF0308009E5DCB /* PBXTargetDependency */,
			);
			fileSystemSynchronizedGroups = (
				2C5246EB2CFF0308009E5DCB /* FreelancerPaymentTrackerTests */,
			);
			name = FreelancerPaymentTrackerTests;
			packageProductDependencies = (
			);
			productName = FreelancerPaymentTrackerTests;
			productReference = 2C5246E82CFF0308009E5DCB /* FreelancerPaymentTrackerTests.xctest */;
			productType = "com.apple.product-type.bundle.unit-test";
		};
		2C5246F12CFF0308009E5DCB /* FreelancerPaymentTrackerUITests */ = {
			isa = PBXNativeTarget;
			buildConfigurationList = 2C5247032CFF0308009E5DCB /* Build configuration list for PBXNativeTarget "FreelancerPaymentTrackerUITests" */;
			buildPhases = (
				2C5246EE2CFF0308009E5DCB /* Sources */,
				2C5246EF2CFF0308009E5DCB /* Frameworks */,
				2C5246F02CFF0308009E5DCB /* Resources */,
			);
			buildRules = (
			);
			dependencies = (
				2C5246F42CFF0308009E5DCB /* PBXTargetDependency */,
			);
			fileSystemSynchronizedGroups = (
				2C5246F52CFF0308009E5DCB /* FreelancerPaymentTrackerUITests */,
			);
			name = FreelancerPaymentTrackerUITests;
			packageProductDependencies = (
			);
			productName = FreelancerPaymentTrackerUITests;
			productReference = 2C5246F22CFF0308009E5DCB /* FreelancerPaymentTrackerUITests.xctest */;
			productType = "com.apple.product-type.bundle.ui-testing";
		};
/* End PBXNativeTarget section */

/* Begin PBXProject section */
		2C5246C92CFF0307009E5DCB /* Project object */ = {
			isa = PBXProject;
			attributes = {
				BuildIndependentTargetsInParallel = 1;
				LastSwiftUpdateCheck = 1610;
				LastUpgradeCheck = 1610;
				TargetAttributes = {
					2C5246D02CFF0307009E5DCB = {
						CreatedOnToolsVersion = 16.1;
					};
					2C5246E72CFF0308009E5DCB = {
						CreatedOnToolsVersion = 16.1;
						TestTargetID = 2C5246D02CFF0307009E5DCB;
					};
					2C5246F12CFF0308009E5DCB = {
						CreatedOnToolsVersion = 16.1;
						TestTargetID = 2C5246D02CFF0307009E5DCB;
					};
				};
			};
			buildConfigurationList = 2C5246CC2CFF0307009E5DCB /* Build configuration list for PBXProject "FreelancerPaymentTracker" */;
			developmentRegion = en;
			hasScannedForEncodings = 0;
			knownRegions = (
				en,
				Base,
			);
			mainGroup = 2C5246C82CFF0307009E5DCB;
			minimizedProjectReferenceProxies = 1;
			packageReferences = (
				2C5247122CFF0BA4009E5DCB /* XCRemoteSwiftPackageReference "Charts" */,
			);
			preferredProjectObjectVersion = 77;
			productRefGroup = 2C5246D22CFF0307009E5DCB /* Products */;
			projectDirPath = "";
			projectRoot = "";
			targets = (
				2C5246D02CFF0307009E5DCB /* FreelancerPaymentTracker */,
				2C5246E72CFF0308009E5DCB /* FreelancerPaymentTrackerTests */,
				2C5246F12CFF0308009E5DCB /* FreelancerPaymentTrackerUITests */,
			);
		};
/* End PBXProject section */

/* Begin PBXResourcesBuildPhase section */
		2C5246CF2CFF0307009E5DCB /* Resources */ = {
			isa = PBXResourcesBuildPhase;
			buildActionMask = 2147483647;
			files = (
			);
			runOnlyForDeploymentPostprocessing = 0;
		};
		2C5246E62CFF0308009E5DCB /* Resources */ = {
			isa = PBXResourcesBuildPhase;
			buildActionMask = 2147483647;
			files = (
			);
			runOnlyForDeploymentPostprocessing = 0;
		};
		2C5246F02CFF0308009E5DCB /* Resources */ = {
			isa = PBXResourcesBuildPhase;
			buildActionMask = 2147483647;
			files = (
			);
			runOnlyForDeploymentPostprocessing = 0;
		};
/* End PBXResourcesBuildPhase section */

/* Begin PBXSourcesBuildPhase section */
		2C5246CD2CFF0307009E5DCB /* Sources */ = {
			isa = PBXSourcesBuildPhase;
			buildActionMask = 2147483647;
			files = (
			);
			runOnlyForDeploymentPostprocessing = 0;
		};
		2C5246E42CFF0308009E5DCB /* Sources */ = {
			isa = PBXSourcesBuildPhase;
			buildActionMask = 2147483647;
			files = (
			);
			runOnlyForDeploymentPostprocessing = 0;
		};
		2C5246EE2CFF0308009E5DCB /* Sources */ = {
			isa = PBXSourcesBuildPhase;
			buildActionMask = 2147483647;
			files = (
			);
			runOnlyForDeploymentPostprocessing = 0;
		};
/* End PBXSourcesBuildPhase section */

/* Begin PBXTargetDependency section */
		2C5246EA2CFF0308009E5DCB /* PBXTargetDependency */ = {
			isa = PBXTargetDependency;
			target = 2C5246D02CFF0307009E5DCB /* FreelancerPaymentTracker */;
			targetProxy = 2C5246E92CFF0308009E5DCB /* PBXContainerItemProxy */;
		};
		2C5246F42CFF0308009E5DCB /* PBXTargetDependency */ = {
			isa = PBXTargetDependency;
			target = 2C5246D02CFF0307009E5DCB /* FreelancerPaymentTracker */;
			targetProxy = 2C5246F32CFF0308009E5DCB /* PBXContainerItemProxy */;
		};
/* End PBXTargetDependency section */

/* Begin XCBuildConfiguration section */
		2C5246FC2CFF0308009E5DCB /* Debug */ = {
			isa = XCBuildConfiguration;
			buildSettings = {
				ASSETCATALOG_COMPILER_APPICON_NAME = AppIcon;
				ASSETCATALOG_COMPILER_GLOBAL_ACCENT_COLOR_NAME = AccentColor;
				CODE_SIGN_ENTITLEMENTS = FreelancerPaymentTracker/FreelancerPaymentTracker.entitlements;
				CODE_SIGN_STYLE = Automatic;
				CURRENT_PROJECT_VERSION = 1;
				DEVELOPMENT_ASSET_PATHS = "\"FreelancerPaymentTracker/Preview Content\"";
				DEVELOPMENT_TEAM = S8LD68K2KG;
				ENABLE_PREVIEWS = YES;
				GENERATE_INFOPLIST_FILE = YES;
				INFOPLIST_FILE = FreelancerPaymentTracker/Info.plist;
				INFOPLIST_KEY_UIApplicationSceneManifest_Generation = YES;
				INFOPLIST_KEY_UIApplicationSupportsIndirectInputEvents = YES;
				INFOPLIST_KEY_UILaunchScreen_Generation = YES;
				INFOPLIST_KEY_UISupportedInterfaceOrientations_iPad = "UIInterfaceOrientationPortrait UIInterfaceOrientationPortraitUpsideDown UIInterfaceOrientationLandscapeLeft UIInterfaceOrientationLandscapeRight";
				INFOPLIST_KEY_UISupportedInterfaceOrientations_iPhone = "UIInterfaceOrientationPortrait UIInterfaceOrientationLandscapeLeft UIInterfaceOrientationLandscapeRight";
				LD_RUNPATH_SEARCH_PATHS = (
					"$(inherited)",
					"@executable_path/Frameworks",
				);
				MARKETING_VERSION = 1.0;
				PRODUCT_BUNDLE_IDENTIFIER = com.rishiselarka.FreelancerPaymentTracker;
				PRODUCT_NAME = "$(TARGET_NAME)";
				SWIFT_EMIT_LOC_STRINGS = YES;
				SWIFT_VERSION = 5.0;
				TARGETED_DEVICE_FAMILY = "1,2";
			};
			name = Debug;
		};
		2C5246FD2CFF0308009E5DCB /* Release */ = {
			isa = XCBuildConfiguration;
			buildSettings = {
				ASSETCATALOG_COMPILER_APPICON_NAME = AppIcon;
				ASSETCATALOG_COMPILER_GLOBAL_ACCENT_COLOR_NAME = AccentColor;
				CODE_SIGN_ENTITLEMENTS = FreelancerPaymentTracker/FreelancerPaymentTracker.entitlements;
				CODE_SIGN_STYLE = Automatic;
				CURRENT_PROJECT_VERSION = 1;
				DEVELOPMENT_ASSET_PATHS = "\"FreelancerPaymentTracker/Preview Content\"";
				DEVELOPMENT_TEAM = S8LD68K2KG;
				ENABLE_PREVIEWS = YES;
				GENERATE_INFOPLIST_FILE = YES;
				INFOPLIST_FILE = FreelancerPaymentTracker/Info.plist;
				INFOPLIST_KEY_UIApplicationSceneManifest_Generation = YES;
				INFOPLIST_KEY_UIApplicationSupportsIndirectInputEvents = YES;
				INFOPLIST_KEY_UILaunchScreen_Generation = YES;
				INFOPLIST_KEY_UISupportedInterfaceOrientations_iPad = "UIInterfaceOrientationPortrait UIInterfaceOrientationPortraitUpsideDown UIInterfaceOrientationLandscapeLeft UIInterfaceOrientationLandscapeRight";
				INFOPLIST_KEY_UISupportedInterfaceOrientations_iPhone = "UIInterfaceOrientationPortrait UIInterfaceOrientationLandscapeLeft UIInterfaceOrientationLandscapeRight";
				LD_RUNPATH_SEARCH_PATHS = (
					"$(inherited)",
					"@executable_path/Frameworks",
				);
				MARKETING_VERSION = 1.0;
				PRODUCT_BUNDLE_IDENTIFIER = com.rishiselarka.FreelancerPaymentTracker;
				PRODUCT_NAME = "$(TARGET_NAME)";
				SWIFT_EMIT_LOC_STRINGS = YES;
				SWIFT_VERSION = 5.0;
				TARGETED_DEVICE_FAMILY = "1,2";
			};
			name = Release;
		};
		2C5246FE2CFF0308009E5DCB /* Debug */ = {
			isa = XCBuildConfiguration;
			buildSettings = {
				ALWAYS_SEARCH_USER_PATHS = NO;
				ASSETCATALOG_COMPILER_GENERATE_SWIFT_ASSET_SYMBOL_EXTENSIONS = YES;
				CLANG_ANALYZER_NONNULL = YES;
				CLANG_ANALYZER_NUMBER_OBJECT_CONVERSION = YES_AGGRESSIVE;
				CLANG_CXX_LANGUAGE_STANDARD = "gnu++20";
				CLANG_ENABLE_MODULES = YES;
				CLANG_ENABLE_OBJC_ARC = YES;
				CLANG_ENABLE_OBJC_WEAK = YES;
				CLANG_WARN_BLOCK_CAPTURE_AUTORELEASING = YES;
				CLANG_WARN_BOOL_CONVERSION = YES;
				CLANG_WARN_COMMA = YES;
				CLANG_WARN_CONSTANT_CONVERSION = YES;
				CLANG_WARN_DEPRECATED_OBJC_IMPLEMENTATIONS = YES;
				CLANG_WARN_DIRECT_OBJC_ISA_USAGE = YES_ERROR;
				CLANG_WARN_DOCUMENTATION_COMMENTS = YES;
				CLANG_WARN_EMPTY_BODY = YES;
				CLANG_WARN_ENUM_CONVERSION = YES;
				CLANG_WARN_INFINITE_RECURSION = YES;
				CLANG_WARN_INT_CONVERSION = YES;
				CLANG_WARN_NON_LITERAL_NULL_CONVERSION = YES;
				CLANG_WARN_OBJC_IMPLICIT_RETAIN_SELF = YES;
				CLANG_WARN_OBJC_LITERAL_CONVERSION = YES;
				CLANG_WARN_OBJC_ROOT_CLASS = YES_ERROR;
				CLANG_WARN_QUOTED_INCLUDE_IN_FRAMEWORK_HEADER = YES;
				CLANG_WARN_RANGE_LOOP_ANALYSIS = YES;
				CLANG_WARN_STRICT_PROTOTYPES = YES;
				CLANG_WARN_SUSPICIOUS_MOVE = YES;
				CLANG_WARN_UNGUARDED_AVAILABILITY = YES_AGGRESSIVE;
				CLANG_WARN_UNREACHABLE_CODE = YES;
				CLANG_WARN__DUPLICATE_METHOD_MATCH = YES;
				COPY_PHASE_STRIP = NO;
				DEBUG_INFORMATION_FORMAT = dwarf;
				ENABLE_STRICT_OBJC_MSGSEND = YES;
				ENABLE_TESTABILITY = YES;
				ENABLE_USER_SCRIPT_SANDBOXING = YES;
				GCC_C_LANGUAGE_STANDARD = gnu17;
				GCC_DYNAMIC_NO_PIC = NO;
				GCC_NO_COMMON_BLOCKS = YES;
				GCC_OPTIMIZATION_LEVEL = 0;
				GCC_PREPROCESSOR_DEFINITIONS = (
					"DEBUG=1",
					"$(inherited)",
				);
				GCC_WARN_64_TO_32_BIT_CONVERSION = YES;
				GCC_WARN_ABOUT_RETURN_TYPE = YES_ERROR;
				GCC_WARN_UNDECLARED_SELECTOR = YES;
				GCC_WARN_UNINITIALIZED_AUTOS = YES_AGGRESSIVE;
				GCC_WARN_UNUSED_FUNCTION = YES;
				GCC_WARN_UNUSED_VARIABLE = YES;
				IPHONEOS_DEPLOYMENT_TARGET = 18.1;
				LOCALIZATION_PREFERS_STRING_CATALOGS = YES;
				MTL_ENABLE_DEBUG_INFO = INCLUDE_SOURCE;
				MTL_FAST_MATH = YES;
				ONLY_ACTIVE_ARCH = YES;
				SDKROOT = iphoneos;
				SWIFT_ACTIVE_COMPILATION_CONDITIONS = "DEBUG $(inherited)";
				SWIFT_OPTIMIZATION_LEVEL = "-Onone";
			};
			name = Debug;
		};
		2C5246FF2CFF0308009E5DCB /* Release */ = {
			isa = XCBuildConfiguration;
			buildSettings = {
				ALWAYS_SEARCH_USER_PATHS = NO;
				ASSETCATALOG_COMPILER_GENERATE_SWIFT_ASSET_SYMBOL_EXTENSIONS = YES;
				CLANG_ANALYZER_NONNULL = YES;
				CLANG_ANALYZER_NUMBER_OBJECT_CONVERSION = YES_AGGRESSIVE;
				CLANG_CXX_LANGUAGE_STANDARD = "gnu++20";
				CLANG_ENABLE_MODULES = YES;
				CLANG_ENABLE_OBJC_ARC = YES;
				CLANG_ENABLE_OBJC_WEAK = YES;
				CLANG_WARN_BLOCK_CAPTURE_AUTORELEASING = YES;
				CLANG_WARN_BOOL_CONVERSION = YES;
				CLANG_WARN_COMMA = YES;
				CLANG_WARN_CONSTANT_CONVERSION = YES;
				CLANG_WARN_DEPRECATED_OBJC_IMPLEMENTATIONS = YES;
				CLANG_WARN_DIRECT_OBJC_ISA_USAGE = YES_ERROR;
				CLANG_WARN_DOCUMENTATION_COMMENTS = YES;
				CLANG_WARN_EMPTY_BODY = YES;
				CLANG_WARN_ENUM_CONVERSION = YES;
				CLANG_WARN_INFINITE_RECURSION = YES;
				CLANG_WARN_INT_CONVERSION = YES;
				CLANG_WARN_NON_LITERAL_NULL_CONVERSION = YES;
				CLANG_WARN_OBJC_IMPLICIT_RETAIN_SELF = YES;
				CLANG_WARN_OBJC_LITERAL_CONVERSION = YES;
				CLANG_WARN_OBJC_ROOT_CLASS = YES_ERROR;
				CLANG_WARN_QUOTED_INCLUDE_IN_FRAMEWORK_HEADER = YES;
				CLANG_WARN_RANGE_LOOP_ANALYSIS = YES;
				CLANG_WARN_STRICT_PROTOTYPES = YES;
				CLANG_WARN_SUSPICIOUS_MOVE = YES;
				CLANG_WARN_UNGUARDED_AVAILABILITY = YES_AGGRESSIVE;
				CLANG_WARN_UNREACHABLE_CODE = YES;
				CLANG_WARN__DUPLICATE_METHOD_MATCH = YES;
				COPY_PHASE_STRIP = NO;
				DEBUG_INFORMATION_FORMAT = "dwarf-with-dsym";
				ENABLE_NS_ASSERTIONS = NO;
				ENABLE_STRICT_OBJC_MSGSEND = YES;
				ENABLE_USER_SCRIPT_SANDBOXING = YES;
				GCC_C_LANGUAGE_STANDARD = gnu17;
				GCC_NO_COMMON_BLOCKS = YES;
				GCC_WARN_64_TO_32_BIT_CONVERSION = YES;
				GCC_WARN_ABOUT_RETURN_TYPE = YES_ERROR;
				GCC_WARN_UNDECLARED_SELECTOR = YES;
				GCC_WARN_UNINITIALIZED_AUTOS = YES_AGGRESSIVE;
				GCC_WARN_UNUSED_FUNCTION = YES;
				GCC_WARN_UNUSED_VARIABLE = YES;
				IPHONEOS_DEPLOYMENT_TARGET = 18.1;
				LOCALIZATION_PREFERS_STRING_CATALOGS = YES;
				MTL_ENABLE_DEBUG_INFO = NO;
				MTL_FAST_MATH = YES;
				SDKROOT = iphoneos;
				SWIFT_COMPILATION_MODE = wholemodule;
				VALIDATE_PRODUCT = YES;
			};
			name = Release;
		};
		2C5247012CFF0308009E5DCB /* Debug */ = {
			isa = XCBuildConfiguration;
			buildSettings = {
				BUNDLE_LOADER = "$(TEST_HOST)";
				CODE_SIGN_STYLE = Automatic;
				CURRENT_PROJECT_VERSION = 1;
				DEVELOPMENT_TEAM = S8LD68K2KG;
				GENERATE_INFOPLIST_FILE = YES;
				IPHONEOS_DEPLOYMENT_TARGET = 18.1;
				MARKETING_VERSION = 1.0;
				PRODUCT_BUNDLE_IDENTIFIER = com.rishiselarka.FreelancerPaymentTrackerTests;
				PRODUCT_NAME = "$(TARGET_NAME)";
				SWIFT_EMIT_LOC_STRINGS = NO;
				SWIFT_VERSION = 5.0;
				TARGETED_DEVICE_FAMILY = "1,2";
				TEST_HOST = "$(BUILT_PRODUCTS_DIR)/FreelancerPaymentTracker.app/$(BUNDLE_EXECUTABLE_FOLDER_PATH)/FreelancerPaymentTracker";
			};
			name = Debug;
		};
		2C5247022CFF0308009E5DCB /* Release */ = {
			isa = XCBuildConfiguration;
			buildSettings = {
				BUNDLE_LOADER = "$(TEST_HOST)";
				CODE_SIGN_STYLE = Automatic;
				CURRENT_PROJECT_VERSION = 1;
				DEVELOPMENT_TEAM = S8LD68K2KG;
				GENERATE_INFOPLIST_FILE = YES;
				IPHONEOS_DEPLOYMENT_TARGET = 18.1;
				MARKETING_VERSION = 1.0;
				PRODUCT_BUNDLE_IDENTIFIER = com.rishiselarka.FreelancerPaymentTrackerTests;
				PRODUCT_NAME = "$(TARGET_NAME)";
				SWIFT_EMIT_LOC_STRINGS = NO;
				SWIFT_VERSION = 5.0;
				TARGETED_DEVICE_FAMILY = "1,2";
				TEST_HOST = "$(BUILT_PRODUCTS_DIR)/FreelancerPaymentTracker.app/$(BUNDLE_EXECUTABLE_FOLDER_PATH)/FreelancerPaymentTracker";
			};
			name = Release;
		};
		2C5247042CFF0308009E5DCB /* Debug */ = {
			isa = XCBuildConfiguration;
			buildSettings = {
				CODE_SIGN_STYLE = Automatic;
				CURRENT_PROJECT_VERSION = 1;
				DEVELOPMENT_TEAM = S8LD68K2KG;
				GENERATE_INFOPLIST_FILE = YES;
				MARKETING_VERSION = 1.0;
				PRODUCT_BUNDLE_IDENTIFIER = com.rishiselarka.FreelancerPaymentTrackerUITests;
				PRODUCT_NAME = "$(TARGET_NAME)";
				SWIFT_EMIT_LOC_STRINGS = NO;
				SWIFT_VERSION = 5.0;
				TARGETED_DEVICE_FAMILY = "1,2";
				TEST_TARGET_NAME = FreelancerPaymentTracker;
			};
			name = Debug;
		};
		2C5247052CFF0308009E5DCB /* Release */ = {
			isa = XCBuildConfiguration;
			buildSettings = {
				CODE_SIGN_STYLE = Automatic;
				CURRENT_PROJECT_VERSION = 1;
				DEVELOPMENT_TEAM = S8LD68K2KG;
				GENERATE_INFOPLIST_FILE = YES;
				MARKETING_VERSION = 1.0;
				PRODUCT_BUNDLE_IDENTIFIER = com.rishiselarka.FreelancerPaymentTrackerUITests;
				PRODUCT_NAME = "$(TARGET_NAME)";
				SWIFT_EMIT_LOC_STRINGS = NO;
				SWIFT_VERSION = 5.0;
				TARGETED_DEVICE_FAMILY = "1,2";
				TEST_TARGET_NAME = FreelancerPaymentTracker;
			};
			name = Release;
		};
/* End XCBuildConfiguration section */

/* Begin XCConfigurationList section */
		2C5246CC2CFF0307009E5DCB /* Build configuration list for PBXProject "FreelancerPaymentTracker" */ = {
			isa = XCConfigurationList;
			buildConfigurations = (
				2C5246FE2CFF0308009E5DCB /* Debug */,
				2C5246FF2CFF0308009E5DCB /* Release */,
			);
			defaultConfigurationIsVisible = 0;
			defaultConfigurationName = Release;
		};
		2C5246FB2CFF0308009E5DCB /* Build configuration list for PBXNativeTarget "FreelancerPaymentTracker" */ = {
			isa = XCConfigurationList;
			buildConfigurations = (
				2C5246FC2CFF0308009E5DCB /* Debug */,
				2C5246FD2CFF0308009E5DCB /* Release */,
			);
			defaultConfigurationIsVisible = 0;
			defaultConfigurationName = Release;
		};
		2C5247002CFF0308009E5DCB /* Build configuration list for PBXNativeTarget "FreelancerPaymentTrackerTests" */ = {
			isa = XCConfigurationList;
			buildConfigurations = (
				2C5247012CFF0308009E5DCB /* Debug */,
				2C5247022CFF0308009E5DCB /* Release */,
			);
			defaultConfigurationIsVisible = 0;
			defaultConfigurationName = Release;
		};
		2C5247032CFF0308009E5DCB /* Build configuration list for PBXNativeTarget "FreelancerPaymentTrackerUITests" */ = {
			isa = XCConfigurationList;
			buildConfigurations = (
				2C5247042CFF0308009E5DCB /* Debug */,
				2C5247052CFF0308009E5DCB /* Release */,
			);
			defaultConfigurationIsVisible = 0;
			defaultConfigurationName = Release;
		};
/* End XCConfigurationList section */

/* Begin XCRemoteSwiftPackageReference section */
		2C5247122CFF0BA4009E5DCB /* XCRemoteSwiftPackageReference "Charts" */ = {
			isa = XCRemoteSwiftPackageReference;
			repositoryURL = "https://github.com/danielgindi/Charts";
			requirement = {
				kind = upToNextMajorVersion;
				minimumVersion = 5.1.0;
			};
		};
/* End XCRemoteSwiftPackageReference section */
	};
	rootObject = 2C5246C92CFF0307009E5DCB /* Project object */;
}
